
Microsoft Visual Studio Solution File, Format Version 12.00
# Visual Studio Version 16
VisualStudioVersion = 16.0.31205.134
MinimumVisualStudioVersion = 10.0.40219.1
Project("{9A19103F-16F7-4668-BE54-9A1E7A4F7556}") = "AgileConfig.Protocol", "Agile.Config.Protocol\AgileConfig.Protocol.csproj", "{E8B9E501-3EB2-4F62-ABE9-56D0D90A7D90}"
EndProject
Project("{9A19103F-16F7-4668-BE54-9A1E7A4F7556}") = "AgileConfig.Client", "AgileConfig.Client\AgileConfig.Client.csproj", "{1791D944-4432-4C2D-BB21-43A6A733BDD6}"
EndProject
Project("{9A19103F-16F7-4668-BE54-9A1E7A4F7556}") = "AgileConfig.ClientTest", "AgileConfig.ClientTest\AgileConfig.ClientTest.csproj", "{1F10C644-5DBC-4437-9DE6-89C74FF2DB36}"
EndProject
Project("{9A19103F-16F7-4668-BE54-9A1E7A4F7556}") = "AgileConfigMVCSample", "AgileConfigMVCSample\AgileConfigMVCSample.csproj", "{C5E40B88-5210-445B-AA69-178DF8135EB7}"
EndProject
Project("{9A19103F-16F7-4668-BE54-9A1E7A4F7556}") = "AgileConfig.UnitTests", "AgileConfig.ClientTests\AgileConfig.UnitTests.csproj", "{8BA111F5-F8E9-4EF0-A4C4-A5DB4818A86B}"
EndProject
Project("{2150E333-8FDC-42A3-9474-1A3956D46DE8}") = "test", "test", "{6816B8D5-A04A-4014-9837-0B6F50013425}"
EndProject
Project("{2150E333-8FDC-42A3-9474-1A3956D46DE8}") = "sample", "sample", "{CE91E81A-309C-42A9-B7C8-69347A8E8570}"
EndProject
Project("{9A19103F-16F7-4668-BE54-9A1E7A4F7556}") = "AgileConfigConsoleSample", "AgileConfigConsoleSample\AgileConfigConsoleSample.csproj", "{FE1A5128-57CD-46D9-AB4C-A82FAE0629DD}"
EndProject
Project("{9A19103F-16F7-4668-BE54-9A1E7A4F7556}") = "AgileConfigWPFSample", "AgileConfigWPFSample\AgileConfigWPFSample.csproj", "{BD712444-47C5-4EB4-AEF0-C8E1D0A7ED08}"
EndProject
Project("{9A19103F-16F7-4668-BE54-9A1E7A4F7556}") = "AgileConfigMVCSampleNET5", "AgileConfigMVCSampleNET5\AgileConfigMVCSampleNET5.csproj", "{503AFD2A-3ED4-490B-96C0-0CB01592149A}"
EndProject
Project("{FAE04EC0-301F-11D3-BF4B-00C04F79EFBC}") = "OnFrameworkTest", "OnFrameworkTest\OnFrameworkTest.csproj", "{278206BE-F59F-4D3F-A5C5-6A11B52E3A3B}"
EndProject
Project("{9A19103F-16F7-4668-BE54-9A1E7A4F7556}") = "AgileConfigMVCSampleNET6", "AgileConfigMVCSampleNET6\AgileConfigMVCSampleNET6.csproj", "{C98592D8-CA81-462B-96AB-8C9B6FF780B0}"
EndProject
Project("{FAE04EC0-301F-11D3-BF4B-00C04F79EFBC}") = "WinServiceSample", "WinServiceSample\WinServiceSample.csproj", "{0F68A168-F446-4C48-9896-5AA4A509574F}"
EndProject
Global
	GlobalSection(SolutionConfigurationPlatforms) = preSolution
		Debug|Any CPU = Debug|Any CPU
		Release|Any CPU = Release|Any CPU
	EndGlobalSection
	GlobalSection(ProjectConfigurationPlatforms) = postSolution
		{E8B9E501-3EB2-4F62-ABE9-56D0D90A7D90}.Debug|Any CPU.ActiveCfg = Debug|Any CPU
		{E8B9E501-3EB2-4F62-ABE9-56D0D90A7D90}.Debug|Any CPU.Build.0 = Debug|Any CPU
		{E8B9E501-3EB2-4F62-ABE9-56D0D90A7D90}.Release|Any CPU.ActiveCfg = Release|Any CPU
		{E8B9E501-3EB2-4F62-ABE9-56D0D90A7D90}.Release|Any CPU.Build.0 = Release|Any CPU
		{1791D944-4432-4C2D-BB21-43A6A733BDD6}.Debug|Any CPU.ActiveCfg = Debug|Any CPU
		{1791D944-4432-4C2D-BB21-43A6A733BDD6}.Debug|Any CPU.Build.0 = Debug|Any CPU
		{1791D944-4432-4C2D-BB21-43A6A733BDD6}.Release|Any CPU.ActiveCfg = Release|Any CPU
		{1791D944-4432-4C2D-BB21-43A6A733BDD6}.Release|Any CPU.Build.0 = Release|Any CPU
		{1F10C644-5DBC-4437-9DE6-89C74FF2DB36}.Debug|Any CPU.ActiveCfg = Debug|Any CPU
		{1F10C644-5DBC-4437-9DE6-89C74FF2DB36}.Debug|Any CPU.Build.0 = Debug|Any CPU
		{1F10C644-5DBC-4437-9DE6-89C74FF2DB36}.Release|Any CPU.ActiveCfg = Release|Any CPU
		{1F10C644-5DBC-4437-9DE6-89C74FF2DB36}.Release|Any CPU.Build.0 = Release|Any CPU
		{C5E40B88-5210-445B-AA69-178DF8135EB7}.Debug|Any CPU.ActiveCfg = Debug|Any CPU
		{C5E40B88-5210-445B-AA69-178DF8135EB7}.Debug|Any CPU.Build.0 = Debug|Any CPU
		{C5E40B88-5210-445B-AA69-178DF8135EB7}.Release|Any CPU.ActiveCfg = Release|Any CPU
		{C5E40B88-5210-445B-AA69-178DF8135EB7}.Release|Any CPU.Build.0 = Release|Any CPU
		{8BA111F5-F8E9-4EF0-A4C4-A5DB4818A86B}.Debug|Any CPU.ActiveCfg = Debug|Any CPU
		{8BA111F5-F8E9-4EF0-A4C4-A5DB4818A86B}.Debug|Any CPU.Build.0 = Debug|Any CPU
		{8BA111F5-F8E9-4EF0-A4C4-A5DB4818A86B}.Release|Any CPU.ActiveCfg = Release|Any CPU
		{8BA111F5-F8E9-4EF0-A4C4-A5DB4818A86B}.Release|Any CPU.Build.0 = Release|Any CPU
		{FE1A5128-57CD-46D9-AB4C-A82FAE0629DD}.Debug|Any CPU.ActiveCfg = Debug|Any CPU
		{FE1A5128-57CD-46D9-AB4C-A82FAE0629DD}.Debug|Any CPU.Build.0 = Debug|Any CPU
		{FE1A5128-57CD-46D9-AB4C-A82FAE0629DD}.Release|Any CPU.ActiveCfg = Release|Any CPU
		{FE1A5128-57CD-46D9-AB4C-A82FAE0629DD}.Release|Any CPU.Build.0 = Release|Any CPU
		{BD712444-47C5-4EB4-AEF0-C8E1D0A7ED08}.Debug|Any CPU.ActiveCfg = Debug|Any CPU
		{BD712444-47C5-4EB4-AEF0-C8E1D0A7ED08}.Debug|Any CPU.Build.0 = Debug|Any CPU
		{BD712444-47C5-4EB4-AEF0-C8E1D0A7ED08}.Release|Any CPU.ActiveCfg = Release|Any CPU
		{BD712444-47C5-4EB4-AEF0-C8E1D0A7ED08}.Release|Any CPU.Build.0 = Release|Any CPU
		{503AFD2A-3ED4-490B-96C0-0CB01592149A}.Debug|Any CPU.ActiveCfg = Debug|Any CPU
		{503AFD2A-3ED4-490B-96C0-0CB01592149A}.Debug|Any CPU.Build.0 = Debug|Any CPU
		{503AFD2A-3ED4-490B-96C0-0CB01592149A}.Release|Any CPU.ActiveCfg = Release|Any CPU
		{503AFD2A-3ED4-490B-96C0-0CB01592149A}.Release|Any CPU.Build.0 = Release|Any CPU
		{278206BE-F59F-4D3F-A5C5-6A11B52E3A3B}.Debug|Any CPU.ActiveCfg = Debug|Any CPU
		{278206BE-F59F-4D3F-A5C5-6A11B52E3A3B}.Debug|Any CPU.Build.0 = Debug|Any CPU
		{278206BE-F59F-4D3F-A5C5-6A11B52E3A3B}.Release|Any CPU.ActiveCfg = Release|Any CPU
		{278206BE-F59F-4D3F-A5C5-6A11B52E3A3B}.Release|Any CPU.Build.0 = Release|Any CPU
		{C98592D8-CA81-462B-96AB-8C9B6FF780B0}.Debug|Any CPU.ActiveCfg = Debug|Any CPU
		{C98592D8-CA81-462B-96AB-8C9B6FF780B0}.Debug|Any CPU.Build.0 = Debug|Any CPU
		{C98592D8-CA81-462B-96AB-8C9B6FF780B0}.Release|Any CPU.ActiveCfg = Release|Any CPU
		{C98592D8-CA81-462B-96AB-8C9B6FF780B0}.Release|Any CPU.Build.0 = Release|Any CPU
		{0F68A168-F446-4C48-9896-5AA4A509574F}.Debug|Any CPU.ActiveCfg = Debug|Any CPU
		{0F68A168-F446-4C48-9896-5AA4A509574F}.Debug|Any CPU.Build.0 = Debug|Any CPU
		{0F68A168-F446-4C48-9896-5AA4A509574F}.Release|Any CPU.ActiveCfg = Release|Any CPU
		{0F68A168-F446-4C48-9896-5AA4A509574F}.Release|Any CPU.Build.0 = Release|Any CPU
	EndGlobalSection
	GlobalSection(SolutionProperties) = preSolution
		HideSolutionNode = FALSE
	EndGlobalSection
	GlobalSection(NestedProjects) = preSolution
		{1F10C644-5DBC-4437-9DE6-89C74FF2DB36} = {6816B8D5-A04A-4014-9837-0B6F50013425}
		{C5E40B88-5210-445B-AA69-178DF8135EB7} = {CE91E81A-309C-42A9-B7C8-69347A8E8570}
		{8BA111F5-F8E9-4EF0-A4C4-A5DB4818A86B} = {6816B8D5-A04A-4014-9837-0B6F50013425}
		{FE1A5128-57CD-46D9-AB4C-A82FAE0629DD} = {CE91E81A-309C-42A9-B7C8-69347A8E8570}
		{BD712444-47C5-4EB4-AEF0-C8E1D0A7ED08} = {CE91E81A-309C-42A9-B7C8-69347A8E8570}
		{503AFD2A-3ED4-490B-96C0-0CB01592149A} = {CE91E81A-309C-42A9-B7C8-69347A8E8570}
		{278206BE-F59F-4D3F-A5C5-6A11B52E3A3B} = {CE91E81A-309C-42A9-B7C8-69347A8E8570}
		{C98592D8-CA81-462B-96AB-8C9B6FF780B0} = {CE91E81A-309C-42A9-B7C8-69347A8E8570}
		{0F68A168-F446-4C48-9896-5AA4A509574F} = {CE91E81A-309C-42A9-B7C8-69347A8E8570}
	EndGlobalSection
	GlobalSection(ExtensibilityGlobals) = postSolution
		SolutionGuid = {9F4BE340-448F-4E99-A0BF-954634C87F42}
	EndGlobalSection
EndGlobal
